
Microsoft Visual Studio Solution File, Format Version 12.00
# Visual Studio 14
VisualStudioVersion = 14.0.25420.1
MinimumVisualStudioVersion = 10.0.40219.1
Project("{FAE04EC0-301F-11D3-BF4B-00C04F79EFBC}") = "Orders.com.BLL", "Orders.com.BLL\Orders.com.BLL.csproj", "{CE4BE061-889B-4169-8403-82269E4EC7B9}"
EndProject
Project("{FAE04EC0-301F-11D3-BF4B-00C04F79EFBC}") = "Orders.com.BLL.Tests", "Orders.com.BLL.Tests\Orders.com.BLL.Tests.csproj", "{C05B5C8D-0DD5-4ECE-9388-E3FE79317F04}"
EndProject
Project("{FAE04EC0-301F-11D3-BF4B-00C04F79EFBC}") = "Orders.com.DAL.InMemory", "Orders.com.DAL.InMemory\Orders.com.DAL.InMemory.csproj", "{15CCDA36-D082-4B3E-ACCA-48DD9C34C430}"
EndProject
Project("{FAE04EC0-301F-11D3-BF4B-00C04F79EFBC}") = "Orders.com.DAL.Http", "Orders.com.DAL.Http\Orders.com.DAL.Http.csproj", "{CE5916F5-B5B1-4147-84D4-55D3130AE739}"
EndProject
Project("{FAE04EC0-301F-11D3-BF4B-00C04F79EFBC}") = "Orders.com.DAL.EF", "Orders.com.DAL.EF\Orders.com.DAL.EF.csproj", "{5C72C89F-28A0-4852-A5A4-A2EEF6021A9F}"
EndProject
Project("{FAE04EC0-301F-11D3-BF4B-00C04F79EFBC}") = "Orders.com.Web.Api", "Orders.com.Web.Api\Orders.com.Web.Api.csproj", "{BCC872BE-09DD-4BBF-9F07-B6B78BD4C53D}"
EndProject
Project("{FAE04EC0-301F-11D3-BF4B-00C04F79EFBC}") = "Orders.com.Web.MVC", "Orders.com.Web.MVC\Orders.com.Web.MVC.csproj", "{342F9B93-789F-4BC0-A11E-9BA6CCEE0382}"
EndProject
Project("{FAE04EC0-301F-11D3-BF4B-00C04F79EFBC}") = "Orders.com.WPF", "Orders.com.WPF\Orders.com.WPF.csproj", "{1FF92FD3-C3CD-48E7-93A1-624DEA8DC680}"
EndProject
Global
	GlobalSection(SolutionConfigurationPlatforms) = preSolution
		Debug|Any CPU = Debug|Any CPU
		Release|Any CPU = Release|Any CPU
	EndGlobalSection
	GlobalSection(ProjectConfigurationPlatforms) = postSolution
		{CE4BE061-889B-4169-8403-82269E4EC7B9}.Debug|Any CPU.ActiveCfg = Debug|Any CPU
		{CE4BE061-889B-4169-8403-82269E4EC7B9}.Debug|Any CPU.Build.0 = Debug|Any CPU
		{CE4BE061-889B-4169-8403-82269E4EC7B9}.Release|Any CPU.ActiveCfg = Release|Any CPU
		{CE4BE061-889B-4169-8403-82269E4EC7B9}.Release|Any CPU.Build.0 = Release|Any CPU
		{C05B5C8D-0DD5-4ECE-9388-E3FE79317F04}.Debug|Any CPU.ActiveCfg = Debug|Any CPU
		{C05B5C8D-0DD5-4ECE-9388-E3FE79317F04}.Debug|Any CPU.Build.0 = Debug|Any CPU
		{C05B5C8D-0DD5-4ECE-9388-E3FE79317F04}.Release|Any CPU.ActiveCfg = Release|Any CPU
		{C05B5C8D-0DD5-4ECE-9388-E3FE79317F04}.Release|Any CPU.Build.0 = Release|Any CPU
		{15CCDA36-D082-4B3E-ACCA-48DD9C34C430}.Debug|Any CPU.ActiveCfg = Debug|Any CPU
		{15CCDA36-D082-4B3E-ACCA-48DD9C34C430}.Debug|Any CPU.Build.0 = Debug|Any CPU
		{15CCDA36-D082-4B3E-ACCA-48DD9C34C430}.Release|Any CPU.ActiveCfg = Release|Any CPU
		{15CCDA36-D082-4B3E-ACCA-48DD9C34C430}.Release|Any CPU.Build.0 = Release|Any CPU
		{CE5916F5-B5B1-4147-84D4-55D3130AE739}.Debug|Any CPU.ActiveCfg = Debug|Any CPU
		{CE5916F5-B5B1-4147-84D4-55D3130AE739}.Debug|Any CPU.Build.0 = Debug|Any CPU
		{CE5916F5-B5B1-4147-84D4-55D3130AE739}.Release|Any CPU.ActiveCfg = Release|Any CPU
		{CE5916F5-B5B1-4147-84D4-55D3130AE739}.Release|Any CPU.Build.0 = Release|Any CPU
		{5C72C89F-28A0-4852-A5A4-A2EEF6021A9F}.Debug|Any CPU.ActiveCfg = Debug|Any CPU
		{5C72C89F-28A0-4852-A5A4-A2EEF6021A9F}.Debug|Any CPU.Build.0 = Debug|Any CPU
		{5C72C89F-28A0-4852-A5A4-A2EEF6021A9F}.Release|Any CPU.ActiveCfg = Release|Any CPU
		{5C72C89F-28A0-4852-A5A4-A2EEF6021A9F}.Release|Any CPU.Build.0 = Release|Any CPU
		{BCC872BE-09DD-4BBF-9F07-B6B78BD4C53D}.Debug|Any CPU.ActiveCfg = Debug|Any CPU
		{BCC872BE-09DD-4BBF-9F07-B6B78BD4C53D}.Debug|Any CPU.Build.0 = Debug|Any CPU
		{BCC872BE-09DD-4BBF-9F07-B6B78BD4C53D}.Release|Any CPU.ActiveCfg = Release|Any CPU
		{BCC872BE-09DD-4BBF-9F07-B6B78BD4C53D}.Release|Any CPU.Build.0 = Release|Any CPU
		{342F9B93-789F-4BC0-A11E-9BA6CCEE0382}.Debug|Any CPU.ActiveCfg = Debug|Any CPU
		{342F9B93-789F-4BC0-A11E-9BA6CCEE0382}.Debug|Any CPU.Build.0 = Debug|Any CPU
		{342F9B93-789F-4BC0-A11E-9BA6CCEE0382}.Release|Any CPU.ActiveCfg = Release|Any CPU
		{342F9B93-789F-4BC0-A11E-9BA6CCEE0382}.Release|Any CPU.Build.0 = Release|Any CPU
		{1FF92FD3-C3CD-48E7-93A1-624DEA8DC680}.Debug|Any CPU.ActiveCfg = Debug|Any CPU
		{1FF92FD3-C3CD-48E7-93A1-624DEA8DC680}.Debug|Any CPU.Build.0 = Debug|Any CPU
		{1FF92FD3-C3CD-48E7-93A1-624DEA8DC680}.Release|Any CPU.ActiveCfg = Release|Any CPU
		{1FF92FD3-C3CD-48E7-93A1-624DEA8DC680}.Release|Any CPU.Build.0 = Release|Any CPU
	EndGlobalSection
	GlobalSection(SolutionProperties) = preSolution
		HideSolutionNode = FALSE
	EndGlobalSection
EndGlobal
